{
  "originHash" : "12eb566a8bd633d762bee52b36563966ac28d81598f129badd16bb340a0604d2",
  "pins" : [
    {
      "identity" : "slipstream",
      "kind" : "remoteSourceControl",
      "location" : "https://github.com/jverkoey/slipstream.git",
      "state" : {
        "branch" : "main",
        "revision" : "8c215192675d339ce26cf78a1eb9999d3cf47941"
      }
    },
    {
      "identity" : "swift-cmark",
      "kind" : "remoteSourceControl",
      "location" : "https://github.com/swiftlang/swift-cmark.git",
      "state" : {
        "branch" : "gfm",
        "revision" : "b97d09472e847a416629f026eceae0e2afcfad65"
      }
    },
    {
      "identity" : "swift-markdown",
      "kind" : "remoteSourceControl",
      "location" : "https://github.com/apple/swift-markdown.git",
      "state" : {
        "branch" : "main",
        "revision" : "c281baa59e2b0d3ddc72848741217af811f66d39"
      }
    },
    {
      "identity" : "swiftsoup",
      "kind" : "remoteSourceControl",
      "location" : "https://github.com/scinfu/SwiftSoup.git",
      "state" : {
        "revision" : "aa85ee96017a730031bafe411cde24a08a17a9c9",
        "version" : "2.8.8"
      }
    },
    {
      "identity" : "yams",
      "kind" : "remoteSourceControl",
      "location" : "https://github.com/jpsim/Yams.git",
      "state" : {
        "revision" : "b4b8042411dc7bbb696300a34a4bf3ba1b7ad19b",
        "version" : "5.3.1"
      }
    }
  ],
  "version" : 3
}
